
Microsoft Visual Studio Solution File, Format Version 11.00
# Visual Studio 2010
Project("{FAE04EC0-301F-11D3-BF4B-00C04F79EFBC}") = "Math Task", "Assembly-CSharp.csproj", "{C1477F46-B95D-E3E1-E7D9-3407DA3B2684}"
EndProject
Global
	GlobalSection(SolutionConfigurationPlatforms) = preSolution
		Debug|Any CPU = Debug|Any CPU
		Release|Any CPU = Release|Any CPU
	EndGlobalSection
	GlobalSection(ProjectConfigurationPlatforms) = postSolution
		{C1477F46-B95D-E3E1-E7D9-3407DA3B2684}.Debug|Any CPU.ActiveCfg = Debug|Any CPU
		{C1477F46-B95D-E3E1-E7D9-3407DA3B2684}.Debug|Any CPU.Build.0 = Debug|Any CPU
		{C1477F46-B95D-E3E1-E7D9-3407DA3B2684}.Release|Any CPU.ActiveCfg = Release|Any CPU
		{C1477F46-B95D-E3E1-E7D9-3407DA3B2684}.Release|Any CPU.Build.0 = Release|Any CPU
	EndGlobalSection
	GlobalSection(SolutionProperties) = preSolution
		HideSolutionNode = FALSE
	EndGlobalSection
	GlobalSection(MonoDevelopProperties) = preSolution
		StartupItem = Assembly-CSharp.csproj
	EndGlobalSection
EndGlobal
